
Microsoft Visual Studio Solution File, Format Version 12.00
# Visual Studio Version 17
VisualStudioVersion = 17.14.37411.7
MinimumVisualStudioVersion = 10.0.40219.1
Project("{FAE04EC0-301F-11D3-BF4B-00C04F79EFBC}") = "SheetToTxt", "SheetToTxt\SheetToTxt.csproj", "{DD772E43-1718-418B-9FB9-0AAFAB7C465D}"
EndProject
Global
	GlobalSection(SolutionConfigurationPlatforms) = preSolution
		Debug|Any CPU = Debug|Any CPU
		Release|Any CPU = Release|Any CPU
	EndGlobalSection
	GlobalSection(ProjectConfigurationPlatforms) = postSolution
		{DD772E43-1718-418B-9FB9-0AAFAB7C465D}.Debug|Any CPU.ActiveCfg = Debug|Any CPU
		{DD772E43-1718-418B-9FB9-0AAFAB7C465D}.Debug|Any CPU.Build.0 = Debug|Any CPU
		{DD772E43-1718-418B-9FB9-0AAFAB7C465D}.Release|Any CPU.ActiveCfg = Release|Any CPU
		{DD772E43-1718-418B-9FB9-0AAFAB7C465D}.Release|Any CPU.Build.0 = Release|Any CPU
	EndGlobalSection
	GlobalSection(SolutionProperties) = preSolution
		HideSolutionNode = FALSE
	EndGlobalSection
	GlobalSection(ExtensibilityGlobals) = postSolution
		SolutionGuid = {BF8F6939-67A4-466E-A9C7-F7191ADFE2D9}
	EndGlobalSection
EndGlobal
